
Microsoft Visual Studio Solution File, Format Version 12.00
# Visual Studio Version 17
VisualStudioVersion = 17.5.002.0
MinimumVisualStudioVersion = 10.0.40219.1
Project("{9A19103F-16F7-4668-BE54-9A1E7A4F7556}") = "BlogApi", "BlogApi.csproj", "{089199A2-CA9C-4707-9B17-D0621E20B72D}"
EndProject
Global
	GlobalSection(SolutionConfigurationPlatforms) = preSolution
		Debug|Any CPU = Debug|Any CPU
		Release|Any CPU = Release|Any CPU
	EndGlobalSection
	GlobalSection(ProjectConfigurationPlatforms) = postSolution
		{089199A2-CA9C-4707-9B17-D0621E20B72D}.Debug|Any CPU.ActiveCfg = Debug|Any CPU
		{089199A2-CA9C-4707-9B17-D0621E20B72D}.Debug|Any CPU.Build.0 = Debug|Any CPU
		{089199A2-CA9C-4707-9B17-D0621E20B72D}.Release|Any CPU.ActiveCfg = Release|Any CPU
		{089199A2-CA9C-4707-9B17-D0621E20B72D}.Release|Any CPU.Build.0 = Release|Any CPU
	EndGlobalSection
	GlobalSection(SolutionProperties) = preSolution
		HideSolutionNode = FALSE
	EndGlobalSection
	GlobalSection(ExtensibilityGlobals) = postSolution
		SolutionGuid = {6FE0A36A-0EBB-4B8E-93F5-6BF4F5071CDF}
	EndGlobalSection
EndGlobal
